<?xml version="1.0" encoding="utf-8"?>
<Project ToolsVersion="4.0" xmlns="http://schemas.microsoft.com/developer/msbuild/2003">
  <ItemGroup>
    <ClCompile Include="ZNFramework\Direct3D12\ZNUtils.cpp" />
    <ClCompile Include="ZNFramework\ZNCamera.cpp" />
    <ClCompile Include="ZNFramework\ZNColor.cpp" />
    <ClCompile Include="ZNFramework\ZNTimer.cpp" />
    <ClCompile Include="ZNFramework\Math\ZNAffineTransform2.cpp" />
    <ClCompile Include="ZNFramework\Math\ZNAffineTransform3.cpp" />
    <ClCompile Include="ZNFramework\Math\ZNLinearTransform2.cpp" />
    <ClCompile Include="ZNFramework\Math\ZNLinearTransform3.cpp" />
    <ClCompile Include="ZNFramework\Math\ZNMatrix2.cpp" />
    <ClCompile Include="ZNFramework\Math\ZNMatrix3.cpp" />
    <ClCompile Include="ZNFramework\Math\ZNMatrix4.cpp" />
    <ClCompile Include="ZNFramework\Math\ZNVector2.cpp" />
    <ClCompile Include="ZNFramework\Math\ZNVector3.cpp" />
    <ClCompile Include="ZNFramework\Math\ZNVector4.cpp" />
    <ClCompile Include="ZNFramework\ZNApplication.cpp" />
    <ClCompile Include="ZNFramework\ZNWindow.cpp" />
  </ItemGroup>
  <ItemGroup>
    <ClInclude Include="ZNFramework\Direct3D12\d3dx12.h" />
    <ClInclude Include="ZN.h" />
    <ClInclude Include="ZNFramework.h" />
    <ClInclude Include="ZNFramework\ZNCamera.h" />
    <ClInclude Include="ZNFramework\ZNColor.h" />
    <ClInclude Include="ZNFramework\ZNGeometry.h" />
    <ClInclude Include="ZNFramework\ZNTimer.h" />
    <ClInclude Include="ZNFramework\Direct3D12\ZNUtils.h" />
    <ClInclude Include="ZNInclude.h" />
    <ClInclude Include="ZNFramework\Math\ZNAffineTransform2.h" />
    <ClInclude Include="ZNFramework\Math\ZNAffineTransform3.h" />
    <ClInclude Include="ZNFramework\Math\ZNLinearTransform2.h" />
    <ClInclude Include="ZNFramework\Math\ZNLinearTransform3.h" />
    <ClInclude Include="ZNFramework\Math\ZNMatrix2.h" />
    <ClInclude Include="ZNFramework\Math\ZNMatrix3.h" />
    <ClInclude Include="ZNFramework\Math\ZNMatrix4.h" />
    <ClInclude Include="ZNFramework\Math\ZNVector2.h" />
    <ClInclude Include="ZNFramework\Math\ZNVector3.h" />
    <ClInclude Include="ZNFramework\Math\ZNVector4.h" />
    <ClInclude Include="ZNFramework\ZNApplication.h" />
    <ClInclude Include="ZNFramework\ZNWindow.h" />
    <ClInclude Include="ZNFramework\Math\ZNPoint.h" />
  </ItemGroup>
</Project>